{
  "name": "web-lab4",
  "lockfileVersion": 3,
  "requires": true,
  "packages": {
    "": {
      "dependencies": {
        "keycloak-js": "^23.0.4",
        "react-router-dom": "^6.21.2"
      }
    },
    "node_modules/@remix-run/router": {
      "version": "1.14.2",
      "resolved": "https://registry.npmjs.org/@remix-run/router/-/router-1.14.2.tgz",
      "integrity": "sha512-ACXpdMM9hmKZww21yEqWwiLws/UPLhNKvimN8RrYSqPSvB3ov7sLvAcfvaxePeLvccTQKGdkDIhLYApZVDFuKg==",
      "engines": {
        "node": ">=14.0.0"
      }
    },
    "node_modules/base64-js": {
      "version": "1.5.1",
      "resolved": "https://registry.npmjs.org/base64-js/-/base64-js-1.5.1.tgz",
      "integrity": "sha512-AKpaYlHn8t4SVbOHCy+b5+KKgvR4vrsD8vbvrbiQJps7fKDTkjkDry6ji0rUJjC0kzbNePLwzxq8iypo41qeWA==",
      "funding": [
        {
          "type": "github",
          "url": "https://github.com/sponsors/feross"
        },
        {
          "type": "patreon",
          "url": "https://www.patreon.com/feross"
        },
        {
          "type": "consulting",
          "url": "https://feross.org/support"
        }
      ]
    },
    "node_modules/js-sha256": {
      "version": "0.10.1",
      "resolved": "https://registry.npmjs.org/js-sha256/-/js-sha256-0.10.1.tgz",
      "integrity": "sha512-5obBtsz9301ULlsgggLg542s/jqtddfOpV5KJc4hajc9JV8GeY2gZHSVpYBn4nWqAUTJ9v+xwtbJ1mIBgIH5Vw=="
    },
    "node_modules/js-tokens": {
      "version": "4.0.0",
      "resolved": "https://registry.npmjs.org/js-tokens/-/js-tokens-4.0.0.tgz",
      "integrity": "sha512-RdJUflcE3cUzKiMqQgsCu06FPu9UdIJO0beYbPhHN4k6apgJtifcoCtT9bcxOpYBtpD2kCM6Sbzg4CausW/PKQ==",
      "peer": true
    },
    "node_modules/jwt-decode": {
      "version": "4.0.0",
      "resolved": "https://registry.npmjs.org/jwt-decode/-/jwt-decode-4.0.0.tgz",
      "integrity": "sha512-+KJGIyHgkGuIq3IEBNftfhW/LfWhXUIY6OmyVWjliu5KH1y0fw7VQ8YndE2O4qZdMSd9SqbnC8GOcZEy0Om7sA==",
      "engines": {
        "node": ">=18"
      }
    },
    "node_modules/keycloak-js": {
      "version": "23.0.4",
      "resolved": "https://registry.npmjs.org/keycloak-js/-/keycloak-js-23.0.4.tgz",
      "integrity": "sha512-Dq0X/8Gap9As3eAaeNRlQldxdBjMeKh2Q81QwykwihLAcG9hSZHuwFioldDmNbdzymguNMZpqfr3mK9hv+G8hA==",
      "dependencies": {
        "base64-js": "^1.5.1",
        "js-sha256": "^0.10.1",
        "jwt-decode": "^4.0.0"
      }
    },
    "node_modules/loose-envify": {
      "version": "1.4.0",
      "resolved": "https://registry.npmjs.org/loose-envify/-/loose-envify-1.4.0.tgz",
      "integrity": "sha512-lyuxPGr/Wfhrlem2CL/UcnUc1zcqKAImBDzukY7Y5F/yQiNdko6+fRLevlw1HgMySw7f611UIY408EtxRSoK3Q==",
      "peer": true,
      "dependencies": {
        "js-tokens": "^3.0.0 || ^4.0.0"
      },
      "bin": {
        "loose-envify": "cli.js"
      }
    },
    "node_modules/react": {
      "version": "18.2.0",
      "resolved": "https://registry.npmjs.org/react/-/react-18.2.0.tgz",
      "integrity": "sha512-/3IjMdb2L9QbBdWiW5e3P2/npwMBaU9mHCSCUzNln0ZCYbcfTsGbTJrU/kGemdH2IWmB2ioZ+zkxtmq6g09fGQ==",
      "peer": true,
      "dependencies": {
        "loose-envify": "^1.1.0"
      },
      "engines": {
        "node": ">=0.10.0"
      }
    },
    "node_modules/react-dom": {
      "version": "18.2.0",
      "resolved": "https://registry.npmjs.org/react-dom/-/react-dom-18.2.0.tgz",
      "integrity": "sha512-6IMTriUmvsjHUjNtEDudZfuDQUoWXVxKHhlEGSk81n4YFS+r/Kl99wXiwlVXtPBtJenozv2P+hxDsw9eA7Xo6g==",
      "peer": true,
      "dependencies": {
        "loose-envify": "^1.1.0",
        "scheduler": "^0.23.0"
      },
      "peerDependencies": {
        "react": "^18.2.0"
      }
    },
    "node_modules/react-router": {
      "version": "6.21.2",
      "resolved": "https://registry.npmjs.org/react-router/-/react-router-6.21.2.tgz",
      "integrity": "sha512-jJcgiwDsnaHIeC+IN7atO0XiSRCrOsQAHHbChtJxmgqG2IaYQXSnhqGb5vk2CU/wBQA12Zt+TkbuJjIn65gzbA==",
      "dependencies": {
        "@remix-run/router": "1.14.2"
      },
      "engines": {
        "node": ">=14.0.0"
      },
      "peerDependencies": {
        "react": ">=16.8"
      }
    },
    "node_modules/react-router-dom": {
      "version": "6.21.2",
      "resolved": "https://registry.npmjs.org/react-router-dom/-/react-router-dom-6.21.2.tgz",
      "integrity": "sha512-tE13UukgUOh2/sqYr6jPzZTzmzc70aGRP4pAjG2if0IP3aUT+sBtAKUJh0qMh0zylJHGLmzS+XWVaON4UklHeg==",
      "dependencies": {
        "@remix-run/router": "1.14.2",
        "react-router": "6.21.2"
      },
      "engines": {
        "node": ">=14.0.0"
      },
      "peerDependencies": {
        "react": ">=16.8",
        "react-dom": ">=16.8"
      }
    },
    "node_modules/scheduler": {
      "version": "0.23.0",
      "resolved": "https://registry.npmjs.org/scheduler/-/scheduler-0.23.0.tgz",
      "integrity": "sha512-CtuThmgHNg7zIZWAXi3AsyIzA3n4xx7aNyjwC2VJldO2LMVDhFK+63xGqq6CsJH4rTAt6/M+N4GhZiDYPx9eUw==",
      "peer": true,
      "dependencies": {
        "loose-envify": "^1.1.0"
      }
    }
  }
}
